
Microsoft Visual Studio Solution File, Format Version 12.00
# Visual Studio Version 17
VisualStudioVersion = 17.5.33627.172
MinimumVisualStudioVersion = 10.0.40219.1
Project("{9A19103F-16F7-4668-BE54-9A1E7A4F7556}") = "UserService.Api", "UserService.Api\UserService.Api.csproj", "{0B4BF796-86BD-4624-8C8C-D8EA565348C9}"
EndProject
Project("{FAE04EC0-301F-11D3-BF4B-00C04F79EFBC}") = "UserService.Repository", "UserService.Repository\UserService.Repository.csproj", "{BD7CED26-721F-4F00-BA1E-10C4DD609CF5}"
EndProject
Project("{FAE04EC0-301F-11D3-BF4B-00C04F79EFBC}") = "UserService.Models", "UserService.Models\UserService.Models.csproj", "{8BE95C6E-ECA5-406B-B716-1D3A63FCA463}"
EndProject
Global
	GlobalSection(SolutionConfigurationPlatforms) = preSolution
		Debug|Any CPU = Debug|Any CPU
		Release|Any CPU = Release|Any CPU
	EndGlobalSection
	GlobalSection(ProjectConfigurationPlatforms) = postSolution
		{0B4BF796-86BD-4624-8C8C-D8EA565348C9}.Debug|Any CPU.ActiveCfg = Debug|Any CPU
		{0B4BF796-86BD-4624-8C8C-D8EA565348C9}.Debug|Any CPU.Build.0 = Debug|Any CPU
		{0B4BF796-86BD-4624-8C8C-D8EA565348C9}.Release|Any CPU.ActiveCfg = Release|Any CPU
		{0B4BF796-86BD-4624-8C8C-D8EA565348C9}.Release|Any CPU.Build.0 = Release|Any CPU
		{BD7CED26-721F-4F00-BA1E-10C4DD609CF5}.Debug|Any CPU.ActiveCfg = Debug|Any CPU
		{BD7CED26-721F-4F00-BA1E-10C4DD609CF5}.Debug|Any CPU.Build.0 = Debug|Any CPU
		{BD7CED26-721F-4F00-BA1E-10C4DD609CF5}.Release|Any CPU.ActiveCfg = Release|Any CPU
		{BD7CED26-721F-4F00-BA1E-10C4DD609CF5}.Release|Any CPU.Build.0 = Release|Any CPU
		{8BE95C6E-ECA5-406B-B716-1D3A63FCA463}.Debug|Any CPU.ActiveCfg = Debug|Any CPU
		{8BE95C6E-ECA5-406B-B716-1D3A63FCA463}.Debug|Any CPU.Build.0 = Debug|Any CPU
		{8BE95C6E-ECA5-406B-B716-1D3A63FCA463}.Release|Any CPU.ActiveCfg = Release|Any CPU
		{8BE95C6E-ECA5-406B-B716-1D3A63FCA463}.Release|Any CPU.Build.0 = Release|Any CPU
	EndGlobalSection
	GlobalSection(SolutionProperties) = preSolution
		HideSolutionNode = FALSE
	EndGlobalSection
	GlobalSection(ExtensibilityGlobals) = postSolution
		SolutionGuid = {1F1D82AB-34A1-49C7-B077-A91A6C4F0CC1}
	EndGlobalSection
EndGlobal
