
Microsoft Visual Studio Solution File, Format Version 12.00
# Visual Studio Version 17
VisualStudioVersion = 17.5.33627.172
MinimumVisualStudioVersion = 10.0.40219.1
Project("{FAE04EC0-301F-11D3-BF4B-00C04F79EFBC}") = "Notifications.Service", "Notifications.Service\Notifications.Service.csproj", "{60A17DC2-656F-472E-84B7-DAEFC799E2FA}"
EndProject
Global
	GlobalSection(SolutionConfigurationPlatforms) = preSolution
		Debug|Any CPU = Debug|Any CPU
		Release|Any CPU = Release|Any CPU
	EndGlobalSection
	GlobalSection(ProjectConfigurationPlatforms) = postSolution
		{60A17DC2-656F-472E-84B7-DAEFC799E2FA}.Debug|Any CPU.ActiveCfg = Debug|Any CPU
		{60A17DC2-656F-472E-84B7-DAEFC799E2FA}.Debug|Any CPU.Build.0 = Debug|Any CPU
		{60A17DC2-656F-472E-84B7-DAEFC799E2FA}.Release|Any CPU.ActiveCfg = Release|Any CPU
		{60A17DC2-656F-472E-84B7-DAEFC799E2FA}.Release|Any CPU.Build.0 = Release|Any CPU
	EndGlobalSection
	GlobalSection(SolutionProperties) = preSolution
		HideSolutionNode = FALSE
	EndGlobalSection
	GlobalSection(ExtensibilityGlobals) = postSolution
		SolutionGuid = {534A2CA9-DAD4-4482-85EE-D98A0B5D9F24}
	EndGlobalSection
EndGlobal
